PODS:
  - Amplitude (8.17.2):
    - AnalyticsConnector (~> 1.0.0)
  - AnalyticsConnector (1.0.3)
  - LGButton (1.1.6)
  - lottie-ios (4.3.3)
  - Mixpanel-swift (4.2.0):
    - Mixpanel-swift/Complete (= 4.2.0)
  - Mixpanel-swift/Complete (4.2.0)
  - NVActivityIndicatorView (4.8.0):
    - NVActivityIndicatorView/Presenter (= 4.8.0)
  - NVActivityIndicatorView/Presenter (4.8.0)
  - PhoneNumberKit (3.7.5):
    - PhoneNumberKit/PhoneNumberKitCore (= 3.7.5)
    - PhoneNumberKit/UIKit (= 3.7.5)
  - PhoneNumberKit/PhoneNumberKitCore (3.7.5)
  - PhoneNumberKit/UIKit (3.7.5):
    - PhoneNumberKit/PhoneNumberKitCore
  - Purchases (3.14.4):
    - PurchasesCoreSwift (= 3.14.4)
  - PurchasesCoreSwift (3.14.4)
  - SwiftDate (7.0.0)
  - SwiftEntryKit (2.0.0)

DEPENDENCIES:
  - Amplitude
  - LGButton
  - lottie-ios
  - Mixpanel-swift
  - NVActivityIndicatorView (~> 4.8.0)
  - PhoneNumberKit (~> 3.6)
  - Purchases
  - SwiftDate
  - SwiftEntryKit

SPEC REPOS:
  trunk:
    - Amplitude
    - AnalyticsConnector
    - LGButton
    - lottie-ios
    - Mixpanel-swift
    - NVActivityIndicatorView
    - PhoneNumberKit
    - Purchases
    - PurchasesCoreSwift
    - SwiftDate
    - SwiftEntryKit

SPEC CHECKSUMS:
  Amplitude: 0485db1968c10d13dc40b7980fb9f83c4e3036ab
  AnalyticsConnector: a53214d38ae22734c6266106c0492b37832633a9
  LGButton: 9f0a7f9d3030e3f504108342f6b66d64a429371b
  lottie-ios: 25e7b2675dad5c3ddad369ac9baab03560c5bfdd
  Mixpanel-swift: e5dd85295923e6a875acf17ccbab8d2ecb10ea65
  NVActivityIndicatorView: d24b7ebcf80af5dcd994adb650e2b6c93379270f
  PhoneNumberKit: f3980e01b84615524dd496adee6a1b5ced87d3f4
  Purchases: 2c326c3a0a93445db8fe194d4938fc001e2cec1c
  PurchasesCoreSwift: 00f41d415f3fb701a5c4bc9909bcbbcf1b1c4b05
  SwiftDate: bbc26e26fc8c0c33fbee8c140c5e8a68293a148a
  SwiftEntryKit: 61b5fa36f34a97dd8013e48a7345bc4c4720be9a

PODFILE CHECKSUM: 2ada953a79924a541d4c1b3a76c735080e470658

COCOAPODS: 1.12.1
